lockfileVersion: '9.0'

settings:
  autoInstallPeers: true
  excludeLinksFromLockfile: false

importers:

  .:
    devDependencies:
      '@total-typescript/ts-reset':
        specifier: ^0.6.1
        version: 0.6.1
      typed-query-selector:
        specifier: ^2.12.2
        version: 2.12.2

packages:

  '@total-typescript/ts-reset@0.6.1':
    resolution: {integrity: sha512-cka47fVSo6lfQDIATYqb/vO1nvFfbPw7uWLayIXIhGETj0wcOOlrlkobOMDNQOFr9QOafegUPq13V2+6vtD7yg==}

  typed-query-selector@2.12.2:
    resolution: {integrity: sha512-EOPFbyIub4ngnEdqi2yOcNeDLaX/0jcE1JoAXQDDMIthap7FoN795lc/SHfIq2d416VufXpM8z/lD+WRm2gfOQ==}

snapshots:

  '@total-typescript/ts-reset@0.6.1': {}

  typed-query-selector@2.12.2: {}
